
Microsoft Visual Studio Solution File, Format Version 12.00
# Visual Studio Version 16
VisualStudioVersion = 16.0.32002.261
MinimumVisualStudioVersion = 10.0.40219.1
Project("{9A19103F-16F7-4668-BE54-9A1E7A4F7556}") = "MediatR.Extensions.Azure.ServiceBus.Tests", "MediatR.Extensions.Azure.ServiceBus.Tests\MediatR.Extensions.Azure.ServiceBus.Tests.csproj", "{AB31A199-F634-4965-9102-4DB748E0DDE3}"
EndProject
Project("{9A19103F-16F7-4668-BE54-9A1E7A4F7556}") = "MediatR.Extensions.Azure.ServiceBus.Core", "MediatR.Extensions.Azure.ServiceBus.Core\MediatR.Extensions.Azure.ServiceBus.Core.csproj", "{D6C02C06-6A04-4D61-8A73-AE7E0A66C3F9}"
EndProject
Global
	GlobalSection(SolutionConfigurationPlatforms) = preSolution
		Debug|Any CPU = Debug|Any CPU
		Release|Any CPU = Release|Any CPU
	EndGlobalSection
	GlobalSection(ProjectConfigurationPlatforms) = postSolution
		{AB31A199-F634-4965-9102-4DB748E0DDE3}.Debug|Any CPU.ActiveCfg = Debug|Any CPU
		{AB31A199-F634-4965-9102-4DB748E0DDE3}.Debug|Any CPU.Build.0 = Debug|Any CPU
		{AB31A199-F634-4965-9102-4DB748E0DDE3}.Release|Any CPU.ActiveCfg = Release|Any CPU
		{AB31A199-F634-4965-9102-4DB748E0DDE3}.Release|Any CPU.Build.0 = Release|Any CPU
		{D6C02C06-6A04-4D61-8A73-AE7E0A66C3F9}.Debug|Any CPU.ActiveCfg = Debug|Any CPU
		{D6C02C06-6A04-4D61-8A73-AE7E0A66C3F9}.Debug|Any CPU.Build.0 = Debug|Any CPU
		{D6C02C06-6A04-4D61-8A73-AE7E0A66C3F9}.Release|Any CPU.ActiveCfg = Release|Any CPU
		{D6C02C06-6A04-4D61-8A73-AE7E0A66C3F9}.Release|Any CPU.Build.0 = Release|Any CPU
	EndGlobalSection
	GlobalSection(SolutionProperties) = preSolution
		HideSolutionNode = FALSE
	EndGlobalSection
	GlobalSection(ExtensibilityGlobals) = postSolution
		SolutionGuid = {5DC81BAA-0572-4286-A974-994786492158}
	EndGlobalSection
EndGlobal
